
Microsoft Visual Studio Solution File, Format Version 12.00
# Visual Studio Version 17
VisualStudioVersion = 17.9.34723.18
MinimumVisualStudioVersion = 10.0.40219.1
Project("{FAE04EC0-301F-11D3-BF4B-00C04F79EFBC}") = "WpfApp1", "WpfApp1\WpfApp1.csproj", "{339F5B08-BBF2-4BAA-9AAC-66133CB08C56}"
EndProject
Global
	GlobalSection(SolutionConfigurationPlatforms) = preSolution
		Debug|Any CPU = Debug|Any CPU
		Release|Any CPU = Release|Any CPU
	EndGlobalSection
	GlobalSection(ProjectConfigurationPlatforms) = postSolution
		{339F5B08-BBF2-4BAA-9AAC-66133CB08C56}.Debug|Any CPU.ActiveCfg = Debug|Any CPU
		{339F5B08-BBF2-4BAA-9AAC-66133CB08C56}.Debug|Any CPU.Build.0 = Debug|Any CPU
		{339F5B08-BBF2-4BAA-9AAC-66133CB08C56}.Release|Any CPU.ActiveCfg = Release|Any CPU
		{339F5B08-BBF2-4BAA-9AAC-66133CB08C56}.Release|Any CPU.Build.0 = Release|Any CPU
	EndGlobalSection
	GlobalSection(SolutionProperties) = preSolution
		HideSolutionNode = FALSE
	EndGlobalSection
	GlobalSection(ExtensibilityGlobals) = postSolution
		SolutionGuid = {A0380F9A-9B17-423A-8259-6A888C440969}
	EndGlobalSection
EndGlobal
