
Microsoft Visual Studio Solution File, Format Version 12.00
# Visual Studio Version 17
VisualStudioVersion = 17.9.34723.18
MinimumVisualStudioVersion = 10.0.40219.1
Project("{FAE04EC0-301F-11D3-BF4B-00C04F79EFBC}") = "WebApplication1", "WebApplication1\WebApplication1.csproj", "{42A6D2B2-E737-4298-AEF5-5E325A7079D0}"
EndProject
Global
	GlobalSection(SolutionConfigurationPlatforms) = preSolution
		Debug|Any CPU = Debug|Any CPU
		Release|Any CPU = Release|Any CPU
	EndGlobalSection
	GlobalSection(ProjectConfigurationPlatforms) = postSolution
		{42A6D2B2-E737-4298-AEF5-5E325A7079D0}.Debug|Any CPU.ActiveCfg = Debug|Any CPU
		{42A6D2B2-E737-4298-AEF5-5E325A7079D0}.Debug|Any CPU.Build.0 = Debug|Any CPU
		{42A6D2B2-E737-4298-AEF5-5E325A7079D0}.Release|Any CPU.ActiveCfg = Release|Any CPU
		{42A6D2B2-E737-4298-AEF5-5E325A7079D0}.Release|Any CPU.Build.0 = Release|Any CPU
	EndGlobalSection
	GlobalSection(SolutionProperties) = preSolution
		HideSolutionNode = FALSE
	EndGlobalSection
	GlobalSection(ExtensibilityGlobals) = postSolution
		SolutionGuid = {15106D48-ECA2-463F-82A0-8094728EDC9C}
	EndGlobalSection
EndGlobal
