
Microsoft Visual Studio Solution File, Format Version 12.00
# Visual Studio Version 17
VisualStudioVersion = 17.9.34723.18
MinimumVisualStudioVersion = 10.0.40219.1
Project("{FAE04EC0-301F-11D3-BF4B-00C04F79EFBC}") = "WindowsFormsApp1", "WindowsFormsApp1\WindowsFormsApp1.csproj", "{88407F34-3DBF-4A05-84ED-35A266E56536}"
EndProject
Project("{930C7802-8A8C-48F9-8165-68863BCCD9DD}") = "SetupProject1", "SetupProject1\SetupProject1.wixproj", "{9282FC85-DC52-49D8-A809-D67877DA0A2F}"
EndProject
Project("{C7167F0D-BC9F-4E6E-AFE1-012C56B48DB5}") = "WapProjTemplate1", "WapProjTemplate1\WapProjTemplate1.wapproj", "{6E76833E-6333-41B0-8419-B9F6EDE4DDB3}"
EndProject
Project("{FAE04EC0-301F-11D3-BF4B-00C04F79EFBC}") = "ClassLibrary1", "ClassLibrary1\ClassLibrary1.csproj", "{C13F4B16-DBDD-415C-8E5B-6D059F869518}"
EndProject
Project("{FAE04EC0-301F-11D3-BF4B-00C04F79EFBC}") = "ClassLibrary2", "ClassLibrary2\ClassLibrary2.csproj", "{1EE82C36-449F-47EA-AA9D-9367E6BF7E15}"
EndProject
Global
	GlobalSection(SolutionConfigurationPlatforms) = preSolution
		Debug|Any CPU = Debug|Any CPU
		Debug|ARM = Debug|ARM
		Debug|ARM64 = Debug|ARM64
		Debug|x64 = Debug|x64
		Debug|x86 = Debug|x86
		Release|Any CPU = Release|Any CPU
		Release|ARM = Release|ARM
		Release|ARM64 = Release|ARM64
		Release|x64 = Release|x64
		Release|x86 = Release|x86
	EndGlobalSection
	GlobalSection(ProjectConfigurationPlatforms) = postSolution
		{88407F34-3DBF-4A05-84ED-35A266E56536}.Debug|Any CPU.ActiveCfg = Debug|Any CPU
		{88407F34-3DBF-4A05-84ED-35A266E56536}.Debug|Any CPU.Build.0 = Debug|Any CPU
		{88407F34-3DBF-4A05-84ED-35A266E56536}.Debug|ARM.ActiveCfg = Debug|Any CPU
		{88407F34-3DBF-4A05-84ED-35A266E56536}.Debug|ARM.Build.0 = Debug|Any CPU
		{88407F34-3DBF-4A05-84ED-35A266E56536}.Debug|ARM64.ActiveCfg = Debug|Any CPU
		{88407F34-3DBF-4A05-84ED-35A266E56536}.Debug|ARM64.Build.0 = Debug|Any CPU
		{88407F34-3DBF-4A05-84ED-35A266E56536}.Debug|x64.ActiveCfg = Debug|Any CPU
		{88407F34-3DBF-4A05-84ED-35A266E56536}.Debug|x64.Build.0 = Debug|Any CPU
		{88407F34-3DBF-4A05-84ED-35A266E56536}.Debug|x86.ActiveCfg = Debug|Any CPU
		{88407F34-3DBF-4A05-84ED-35A266E56536}.Debug|x86.Build.0 = Debug|Any CPU
		{88407F34-3DBF-4A05-84ED-35A266E56536}.Release|Any CPU.ActiveCfg = Release|Any CPU
		{88407F34-3DBF-4A05-84ED-35A266E56536}.Release|Any CPU.Build.0 = Release|Any CPU
		{88407F34-3DBF-4A05-84ED-35A266E56536}.Release|ARM.ActiveCfg = Release|Any CPU
		{88407F34-3DBF-4A05-84ED-35A266E56536}.Release|ARM.Build.0 = Release|Any CPU
		{88407F34-3DBF-4A05-84ED-35A266E56536}.Release|ARM64.ActiveCfg = Release|Any CPU
		{88407F34-3DBF-4A05-84ED-35A266E56536}.Release|ARM64.Build.0 = Release|Any CPU
		{88407F34-3DBF-4A05-84ED-35A266E56536}.Release|x64.ActiveCfg = Release|Any CPU
		{88407F34-3DBF-4A05-84ED-35A266E56536}.Release|x64.Build.0 = Release|Any CPU
		{88407F34-3DBF-4A05-84ED-35A266E56536}.Release|x86.ActiveCfg = Release|Any CPU
		{88407F34-3DBF-4A05-84ED-35A266E56536}.Release|x86.Build.0 = Release|Any CPU
		{9282FC85-DC52-49D8-A809-D67877DA0A2F}.Debug|Any CPU.ActiveCfg = Debug|x86
		{9282FC85-DC52-49D8-A809-D67877DA0A2F}.Debug|Any CPU.Build.0 = Debug|x86
		{9282FC85-DC52-49D8-A809-D67877DA0A2F}.Debug|ARM.ActiveCfg = Debug|x86
		{9282FC85-DC52-49D8-A809-D67877DA0A2F}.Debug|ARM.Build.0 = Debug|x86
		{9282FC85-DC52-49D8-A809-D67877DA0A2F}.Debug|ARM64.ActiveCfg = Debug|x86
		{9282FC85-DC52-49D8-A809-D67877DA0A2F}.Debug|ARM64.Build.0 = Debug|x86
		{9282FC85-DC52-49D8-A809-D67877DA0A2F}.Debug|x64.ActiveCfg = Debug|x86
		{9282FC85-DC52-49D8-A809-D67877DA0A2F}.Debug|x64.Build.0 = Debug|x86
		{9282FC85-DC52-49D8-A809-D67877DA0A2F}.Debug|x86.ActiveCfg = Debug|x86
		{9282FC85-DC52-49D8-A809-D67877DA0A2F}.Debug|x86.Build.0 = Debug|x86
		{9282FC85-DC52-49D8-A809-D67877DA0A2F}.Release|Any CPU.ActiveCfg = Release|x86
		{9282FC85-DC52-49D8-A809-D67877DA0A2F}.Release|Any CPU.Build.0 = Release|x86
		{9282FC85-DC52-49D8-A809-D67877DA0A2F}.Release|ARM.ActiveCfg = Release|x86
		{9282FC85-DC52-49D8-A809-D67877DA0A2F}.Release|ARM.Build.0 = Release|x86
		{9282FC85-DC52-49D8-A809-D67877DA0A2F}.Release|ARM64.ActiveCfg = Release|x86
		{9282FC85-DC52-49D8-A809-D67877DA0A2F}.Release|ARM64.Build.0 = Release|x86
		{9282FC85-DC52-49D8-A809-D67877DA0A2F}.Release|x64.ActiveCfg = Release|x86
		{9282FC85-DC52-49D8-A809-D67877DA0A2F}.Release|x64.Build.0 = Release|x86
		{9282FC85-DC52-49D8-A809-D67877DA0A2F}.Release|x86.ActiveCfg = Release|x86
		{9282FC85-DC52-49D8-A809-D67877DA0A2F}.Release|x86.Build.0 = Release|x86
		{6E76833E-6333-41B0-8419-B9F6EDE4DDB3}.Debug|Any CPU.ActiveCfg = Debug|Any CPU
		{6E76833E-6333-41B0-8419-B9F6EDE4DDB3}.Debug|Any CPU.Build.0 = Debug|Any CPU
		{6E76833E-6333-41B0-8419-B9F6EDE4DDB3}.Debug|Any CPU.Deploy.0 = Debug|Any CPU
		{6E76833E-6333-41B0-8419-B9F6EDE4DDB3}.Debug|ARM.ActiveCfg = Debug|ARM
		{6E76833E-6333-41B0-8419-B9F6EDE4DDB3}.Debug|ARM.Build.0 = Debug|ARM
		{6E76833E-6333-41B0-8419-B9F6EDE4DDB3}.Debug|ARM.Deploy.0 = Debug|ARM
		{6E76833E-6333-41B0-8419-B9F6EDE4DDB3}.Debug|ARM64.ActiveCfg = Debug|ARM64
		{6E76833E-6333-41B0-8419-B9F6EDE4DDB3}.Debug|ARM64.Build.0 = Debug|ARM64
		{6E76833E-6333-41B0-8419-B9F6EDE4DDB3}.Debug|ARM64.Deploy.0 = Debug|ARM64
		{6E76833E-6333-41B0-8419-B9F6EDE4DDB3}.Debug|x64.ActiveCfg = Debug|x64
		{6E76833E-6333-41B0-8419-B9F6EDE4DDB3}.Debug|x64.Build.0 = Debug|x64
		{6E76833E-6333-41B0-8419-B9F6EDE4DDB3}.Debug|x64.Deploy.0 = Debug|x64
		{6E76833E-6333-41B0-8419-B9F6EDE4DDB3}.Debug|x86.ActiveCfg = Debug|x86
		{6E76833E-6333-41B0-8419-B9F6EDE4DDB3}.Debug|x86.Build.0 = Debug|x86
		{6E76833E-6333-41B0-8419-B9F6EDE4DDB3}.Debug|x86.Deploy.0 = Debug|x86
		{6E76833E-6333-41B0-8419-B9F6EDE4DDB3}.Release|Any CPU.ActiveCfg = Release|Any CPU
		{6E76833E-6333-41B0-8419-B9F6EDE4DDB3}.Release|Any CPU.Build.0 = Release|Any CPU
		{6E76833E-6333-41B0-8419-B9F6EDE4DDB3}.Release|Any CPU.Deploy.0 = Release|Any CPU
		{6E76833E-6333-41B0-8419-B9F6EDE4DDB3}.Release|ARM.ActiveCfg = Release|ARM
		{6E76833E-6333-41B0-8419-B9F6EDE4DDB3}.Release|ARM.Build.0 = Release|ARM
		{6E76833E-6333-41B0-8419-B9F6EDE4DDB3}.Release|ARM.Deploy.0 = Release|ARM
		{6E76833E-6333-41B0-8419-B9F6EDE4DDB3}.Release|ARM64.ActiveCfg = Release|ARM64
		{6E76833E-6333-41B0-8419-B9F6EDE4DDB3}.Release|ARM64.Build.0 = Release|ARM64
		{6E76833E-6333-41B0-8419-B9F6EDE4DDB3}.Release|ARM64.Deploy.0 = Release|ARM64
		{6E76833E-6333-41B0-8419-B9F6EDE4DDB3}.Release|x64.ActiveCfg = Release|x64
		{6E76833E-6333-41B0-8419-B9F6EDE4DDB3}.Release|x64.Build.0 = Release|x64
		{6E76833E-6333-41B0-8419-B9F6EDE4DDB3}.Release|x64.Deploy.0 = Release|x64
		{6E76833E-6333-41B0-8419-B9F6EDE4DDB3}.Release|x86.ActiveCfg = Release|x86
		{6E76833E-6333-41B0-8419-B9F6EDE4DDB3}.Release|x86.Build.0 = Release|x86
		{6E76833E-6333-41B0-8419-B9F6EDE4DDB3}.Release|x86.Deploy.0 = Release|x86
		{C13F4B16-DBDD-415C-8E5B-6D059F869518}.Debug|Any CPU.ActiveCfg = Debug|Any CPU
		{C13F4B16-DBDD-415C-8E5B-6D059F869518}.Debug|Any CPU.Build.0 = Debug|Any CPU
		{C13F4B16-DBDD-415C-8E5B-6D059F869518}.Debug|ARM.ActiveCfg = Debug|Any CPU
		{C13F4B16-DBDD-415C-8E5B-6D059F869518}.Debug|ARM.Build.0 = Debug|Any CPU
		{C13F4B16-DBDD-415C-8E5B-6D059F869518}.Debug|ARM64.ActiveCfg = Debug|Any CPU
		{C13F4B16-DBDD-415C-8E5B-6D059F869518}.Debug|ARM64.Build.0 = Debug|Any CPU
		{C13F4B16-DBDD-415C-8E5B-6D059F869518}.Debug|x64.ActiveCfg = Debug|Any CPU
		{C13F4B16-DBDD-415C-8E5B-6D059F869518}.Debug|x64.Build.0 = Debug|Any CPU
		{C13F4B16-DBDD-415C-8E5B-6D059F869518}.Debug|x86.ActiveCfg = Debug|Any CPU
		{C13F4B16-DBDD-415C-8E5B-6D059F869518}.Debug|x86.Build.0 = Debug|Any CPU
		{C13F4B16-DBDD-415C-8E5B-6D059F869518}.Release|Any CPU.ActiveCfg = Release|Any CPU
		{C13F4B16-DBDD-415C-8E5B-6D059F869518}.Release|Any CPU.Build.0 = Release|Any CPU
		{C13F4B16-DBDD-415C-8E5B-6D059F869518}.Release|ARM.ActiveCfg = Release|Any CPU
		{C13F4B16-DBDD-415C-8E5B-6D059F869518}.Release|ARM.Build.0 = Release|Any CPU
		{C13F4B16-DBDD-415C-8E5B-6D059F869518}.Release|ARM64.ActiveCfg = Release|Any CPU
		{C13F4B16-DBDD-415C-8E5B-6D059F869518}.Release|ARM64.Build.0 = Release|Any CPU
		{C13F4B16-DBDD-415C-8E5B-6D059F869518}.Release|x64.ActiveCfg = Release|Any CPU
		{C13F4B16-DBDD-415C-8E5B-6D059F869518}.Release|x64.Build.0 = Release|Any CPU
		{C13F4B16-DBDD-415C-8E5B-6D059F869518}.Release|x86.ActiveCfg = Release|Any CPU
		{C13F4B16-DBDD-415C-8E5B-6D059F869518}.Release|x86.Build.0 = Release|Any CPU
		{1EE82C36-449F-47EA-AA9D-9367E6BF7E15}.Debug|Any CPU.ActiveCfg = Debug|Any CPU
		{1EE82C36-449F-47EA-AA9D-9367E6BF7E15}.Debug|Any CPU.Build.0 = Debug|Any CPU
		{1EE82C36-449F-47EA-AA9D-9367E6BF7E15}.Debug|ARM.ActiveCfg = Debug|Any CPU
		{1EE82C36-449F-47EA-AA9D-9367E6BF7E15}.Debug|ARM.Build.0 = Debug|Any CPU
		{1EE82C36-449F-47EA-AA9D-9367E6BF7E15}.Debug|ARM64.ActiveCfg = Debug|Any CPU
		{1EE82C36-449F-47EA-AA9D-9367E6BF7E15}.Debug|ARM64.Build.0 = Debug|Any CPU
		{1EE82C36-449F-47EA-AA9D-9367E6BF7E15}.Debug|x64.ActiveCfg = Debug|Any CPU
		{1EE82C36-449F-47EA-AA9D-9367E6BF7E15}.Debug|x64.Build.0 = Debug|Any CPU
		{1EE82C36-449F-47EA-AA9D-9367E6BF7E15}.Debug|x86.ActiveCfg = Debug|Any CPU
		{1EE82C36-449F-47EA-AA9D-9367E6BF7E15}.Debug|x86.Build.0 = Debug|Any CPU
		{1EE82C36-449F-47EA-AA9D-9367E6BF7E15}.Release|Any CPU.ActiveCfg = Release|Any CPU
		{1EE82C36-449F-47EA-AA9D-9367E6BF7E15}.Release|Any CPU.Build.0 = Release|Any CPU
		{1EE82C36-449F-47EA-AA9D-9367E6BF7E15}.Release|ARM.ActiveCfg = Release|Any CPU
		{1EE82C36-449F-47EA-AA9D-9367E6BF7E15}.Release|ARM.Build.0 = Release|Any CPU
		{1EE82C36-449F-47EA-AA9D-9367E6BF7E15}.Release|ARM64.ActiveCfg = Release|Any CPU
		{1EE82C36-449F-47EA-AA9D-9367E6BF7E15}.Release|ARM64.Build.0 = Release|Any CPU
		{1EE82C36-449F-47EA-AA9D-9367E6BF7E15}.Release|x64.ActiveCfg = Release|Any CPU
		{1EE82C36-449F-47EA-AA9D-9367E6BF7E15}.Release|x64.Build.0 = Release|Any CPU
		{1EE82C36-449F-47EA-AA9D-9367E6BF7E15}.Release|x86.ActiveCfg = Release|Any CPU
		{1EE82C36-449F-47EA-AA9D-9367E6BF7E15}.Release|x86.Build.0 = Release|Any CPU
	EndGlobalSection
	GlobalSection(SolutionProperties) = preSolution
		HideSolutionNode = FALSE
	EndGlobalSection
	GlobalSection(ExtensibilityGlobals) = postSolution
		SolutionGuid = {CA158A65-727E-4DBB-860E-43F847BB9D2F}
	EndGlobalSection
EndGlobal
